
Microsoft Visual Studio Solution File, Format Version 12.00
Project("{2150E333-8FDC-42A3-9474-1A3956D46DE8}") = "FrontEnd", "FrontEnd", "{943BD8CD-F8A5-4D41-B70C-4B827C9E851A}"
EndProject
Project("{2150E333-8FDC-42A3-9474-1A3956D46DE8}") = "Gateway", "Gateway", "{00C06D30-1A16-42DF-805F-FBB1B3B34483}"
EndProject
Project("{2150E333-8FDC-42A3-9474-1A3956D46DE8}") = "Integration", "Integration", "{957CFFFF-1912-40DC-995C-0C996CD0783E}"
EndProject
Project("{2150E333-8FDC-42A3-9474-1A3956D46DE8}") = "Services", "Services", "{24947AAB-84E1-41D7-AE10-0A1A07DB72EE}"
EndProject
Project("{FAE04EC0-301F-11D3-BF4B-00C04F79EFBC}") = "CouponApi", "CouponApi\CouponApi.csproj", "{D81A99F4-0F2F-4CED-837A-1C4559C1C21D}"
EndProject
Project("{FAE04EC0-301F-11D3-BF4B-00C04F79EFBC}") = "Web", "Web\Web.csproj", "{554B5896-F719-40C0-81DC-C97C9B1980AA}"
EndProject
Global
	GlobalSection(SolutionConfigurationPlatforms) = preSolution
		Debug|Any CPU = Debug|Any CPU
		Release|Any CPU = Release|Any CPU
	EndGlobalSection
	GlobalSection(ProjectConfigurationPlatforms) = postSolution
		{D81A99F4-0F2F-4CED-837A-1C4559C1C21D}.Debug|Any CPU.ActiveCfg = Debug|Any CPU
		{D81A99F4-0F2F-4CED-837A-1C4559C1C21D}.Debug|Any CPU.Build.0 = Debug|Any CPU
		{D81A99F4-0F2F-4CED-837A-1C4559C1C21D}.Release|Any CPU.ActiveCfg = Release|Any CPU
		{D81A99F4-0F2F-4CED-837A-1C4559C1C21D}.Release|Any CPU.Build.0 = Release|Any CPU
		{554B5896-F719-40C0-81DC-C97C9B1980AA}.Debug|Any CPU.ActiveCfg = Debug|Any CPU
		{554B5896-F719-40C0-81DC-C97C9B1980AA}.Debug|Any CPU.Build.0 = Debug|Any CPU
		{554B5896-F719-40C0-81DC-C97C9B1980AA}.Release|Any CPU.ActiveCfg = Release|Any CPU
		{554B5896-F719-40C0-81DC-C97C9B1980AA}.Release|Any CPU.Build.0 = Release|Any CPU
	EndGlobalSection
	GlobalSection(NestedProjects) = preSolution
		{D81A99F4-0F2F-4CED-837A-1C4559C1C21D} = {24947AAB-84E1-41D7-AE10-0A1A07DB72EE}
		{554B5896-F719-40C0-81DC-C97C9B1980AA} = {943BD8CD-F8A5-4D41-B70C-4B827C9E851A}
	EndGlobalSection
EndGlobal
